// !$*UTF8*$!
{
	archiveVersion = 1;
	classes = {
	};
	objectVersion = 46;
	objects = {

/* Begin PBXBuildFile section */
		44BBC5FDA0E54FBA986976C9 /* libPods.a in Frameworks */ = {isa = PBXBuildFile; fileRef = 622F65B179774E9BA8C6923B /* libPods.a */; };
		CB2DAF3D1910E16600DD29C1 /* BillView.m in Sources */ = {isa = PBXBuildFile; fileRef = CB2DAF3C1910E16600DD29C1 /* BillView.m */; };
		CB2DAF3F1910E18700DD29C1 /* BillView.xib in Resources */ = {isa = PBXBuildFile; fileRef = CB2DAF3E1910E18700DD29C1 /* BillView.xib */; };
		CB2FAD081902C37B00F46A0A /* WPBuffetViewController.m in Sources */ = {isa = PBXBuildFile; fileRef = CB2FAD061902C37B00F46A0A /* WPBuffetViewController.m */; };
		CB2FAD091902C37B00F46A0A /* WPBuffetViewController_iPhone5.xib in Resources */ = {isa = PBXBuildFile; fileRef = CB2FAD071902C37B00F46A0A /* WPBuffetViewController_iPhone5.xib */; };
		CB2FAD0D1902C3A800F46A0A /* WPSettingViewController.m in Sources */ = {isa = PBXBuildFile; fileRef = CB2FAD0B1902C3A800F46A0A /* WPSettingViewController.m */; };
		CB2FAD0E1902C3A800F46A0A /* WPSettingViewController_iPhone5.xib in Resources */ = {isa = PBXBuildFile; fileRef = CB2FAD0C1902C3A800F46A0A /* WPSettingViewController_iPhone5.xib */; };
		CB2FAD121902C3C000F46A0A /* WPMarketViewController.m in Sources */ = {isa = PBXBuildFile; fileRef = CB2FAD101902C3C000F46A0A /* WPMarketViewController.m */; };
		CB2FAD131902C3C000F46A0A /* WPMarketViewController_iPhone5.xib in Resources */ = {isa = PBXBuildFile; fileRef = CB2FAD111902C3C000F46A0A /* WPMarketViewController_iPhone5.xib */; };
		CB2FAD171902C3DA00F46A0A /* WPWalletViewController.m in Sources */ = {isa = PBXBuildFile; fileRef = CB2FAD151902C3DA00F46A0A /* WPWalletViewController.m */; };
		CB2FAD181902C3DA00F46A0A /* WPWalletViewController_iPhone5.xib in Resources */ = {isa = PBXBuildFile; fileRef = CB2FAD161902C3DA00F46A0A /* WPWalletViewController_iPhone5.xib */; };
		CB4211D41907A5DC001AC70B /* BufferProductView.m in Sources */ = {isa = PBXBuildFile; fileRef = CB4211D31907A5DC001AC70B /* BufferProductView.m */; };
		CB4211D61907A5EC001AC70B /* BufferProductView.xib in Resources */ = {isa = PBXBuildFile; fileRef = CB4211D51907A5EC001AC70B /* BufferProductView.xib */; };
		CB4211D91907ADBC001AC70B /* BufferCategoryView.m in Sources */ = {isa = PBXBuildFile; fileRef = CB4211D81907ADBC001AC70B /* BufferCategoryView.m */; };
		CB4211DB1907ADD7001AC70B /* BufferCategoryView.xib in Resources */ = {isa = PBXBuildFile; fileRef = CB4211DA1907ADD7001AC70B /* BufferCategoryView.xib */; };
		CB4542B01915ED2A00BFE852 /* WPStockViewController.m in Sources */ = {isa = PBXBuildFile; fileRef = CB4542AE1915ED2A00BFE852 /* WPStockViewController.m */; };
		CB4542B11915ED2A00BFE852 /* WPStockViewController_iPhone5.xib in Resources */ = {isa = PBXBuildFile; fileRef = CB4542AF1915ED2A00BFE852 /* WPStockViewController_iPhone5.xib */; };
		CB4542B41915F78C00BFE852 /* WPProductButton.m in Sources */ = {isa = PBXBuildFile; fileRef = CB4542B31915F78C00BFE852 /* WPProductButton.m */; };
		CB4542B61915F79B00BFE852 /* WPProductButton.xib in Resources */ = {isa = PBXBuildFile; fileRef = CB4542B51915F79B00BFE852 /* WPProductButton.xib */; };
		CB4542B91916006700BFE852 /* BufferCProcudtView.m in Sources */ = {isa = PBXBuildFile; fileRef = CB4542B81916006700BFE852 /* BufferCProcudtView.m */; };
		CB4542BB1916007700BFE852 /* BufferCProcudtView.xib in Resources */ = {isa = PBXBuildFile; fileRef = CB4542BA1916007700BFE852 /* BufferCProcudtView.xib */; };
		CB4542BE191603A100BFE852 /* WPCProductButton.m in Sources */ = {isa = PBXBuildFile; fileRef = CB4542BD191603A100BFE852 /* WPCProductButton.m */; };
		CB4542C0191603B200BFE852 /* WPCProductButton.xib in Resources */ = {isa = PBXBuildFile; fileRef = CB4542BF191603B200BFE852 /* WPCProductButton.xib */; };
		CB4542CA1918DCC800BFE852 /* WPBuffetViewController_iPhone.xib in Resources */ = {isa = PBXBuildFile; fileRef = CB4542C91918DCC800BFE852 /* WPBuffetViewController_iPhone.xib */; };
		CB4542CC1918DD0500BFE852 /* WPStockViewController_iPhone.xib in Resources */ = {isa = PBXBuildFile; fileRef = CB4542CB1918DD0500BFE852 /* WPStockViewController_iPhone.xib */; };
		CB4542CE1918DFCD00BFE852 /* WPSettingViewController_iPhone.xib in Resources */ = {isa = PBXBuildFile; fileRef = CB4542CD1918DFCD00BFE852 /* WPSettingViewController_iPhone.xib */; };
		CB4542D01918E04B00BFE852 /* WPMarketViewController_iPhone.xib in Resources */ = {isa = PBXBuildFile; fileRef = CB4542CF1918E04B00BFE852 /* WPMarketViewController_iPhone.xib */; };
		CB4542D21918E09A00BFE852 /* WPWalletViewController_iPhone.xib in Resources */ = {isa = PBXBuildFile; fileRef = CB4542D11918E09A00BFE852 /* WPWalletViewController_iPhone.xib */; };
		CB4E1395190FE6970048709B /* WawaSC-Regular.otf in Resources */ = {isa = PBXBuildFile; fileRef = CB4E1394190FE6970048709B /* WawaSC-Regular.otf */; };
		CB4E1399190FF0130048709B /* RakeView.m in Sources */ = {isa = PBXBuildFile; fileRef = CB4E1398190FF0130048709B /* RakeView.m */; };
		CB4E139B190FF0220048709B /* RakeView.xib in Resources */ = {isa = PBXBuildFile; fileRef = CB4E139A190FF0220048709B /* RakeView.xib */; };
		CB60BF66190525FC003190C7 /* CHDNetwork.m in Sources */ = {isa = PBXBuildFile; fileRef = CB60BF65190525FC003190C7 /* CHDNetwork.m */; };
		CB6B7982191A419200610CD6 /* WPShareManager.m in Sources */ = {isa = PBXBuildFile; fileRef = CB6B7981191A419200610CD6 /* WPShareManager.m */; };
		CB6B7985191B7F7800610CD6 /* WPPullView.m in Sources */ = {isa = PBXBuildFile; fileRef = CB6B7984191B7F7800610CD6 /* WPPullView.m */; };
		CB6B7987191B7F8A00610CD6 /* WPPullView.xib in Resources */ = {isa = PBXBuildFile; fileRef = CB6B7986191B7F8A00610CD6 /* WPPullView.xib */; };
		CB6B798A191B902600610CD6 /* WPAuthView.m in Sources */ = {isa = PBXBuildFile; fileRef = CB6B7989191B902600610CD6 /* WPAuthView.m */; };
		CB6B798C191B903900610CD6 /* WPAuthView.xib in Resources */ = {isa = PBXBuildFile; fileRef = CB6B798B191B903900610CD6 /* WPAuthView.xib */; };
		CB6B798E191C96D000610CD6 /* LoginViewController_iPhone.xib in Resources */ = {isa = PBXBuildFile; fileRef = CB6B798D191C96D000610CD6 /* LoginViewController_iPhone.xib */; };
		CB6B7991191C990F00610CD6 /* WPNickName.m in Sources */ = {isa = PBXBuildFile; fileRef = CB6B7990191C990F00610CD6 /* WPNickName.m */; };
		CB6B7993191C991D00610CD6 /* WPNickName.xib in Resources */ = {isa = PBXBuildFile; fileRef = CB6B7992191C991D00610CD6 /* WPNickName.xib */; };
		CB6B7996191C994B00610CD6 /* WPPasswordView.m in Sources */ = {isa = PBXBuildFile; fileRef = CB6B7995191C994B00610CD6 /* WPPasswordView.m */; };
		CB6B7998191C995900610CD6 /* WPPasswordView.xib in Resources */ = {isa = PBXBuildFile; fileRef = CB6B7997191C995900610CD6 /* WPPasswordView.xib */; };
		CB7EDB64190D445600089DE8 /* WPSwitchBar.m in Sources */ = {isa = PBXBuildFile; fileRef = CB7EDB63190D445600089DE8 /* WPSwitchBar.m */; };
		CB7EDB66190D449D00089DE8 /* WPSwitchBar.xib in Resources */ = {isa = PBXBuildFile; fileRef = CB7EDB65190D449D00089DE8 /* WPSwitchBar.xib */; };
		CB924BF519094578000389CB /* MessageUI.framework in Frameworks */ = {isa = PBXBuildFile; fileRef = CB924BF419094578000389CB /* MessageUI.framework */; };
		CB924BF819094F04000389CB /* CheckItemView.m in Sources */ = {isa = PBXBuildFile; fileRef = CB924BF719094F04000389CB /* CheckItemView.m */; };
		CB924BFA19094F14000389CB /* CheckItemView.xib in Resources */ = {isa = PBXBuildFile; fileRef = CB924BF919094F14000389CB /* CheckItemView.xib */; };
		CBA0E87E19012EED007119C0 /* Functions.m in Sources */ = {isa = PBXBuildFile; fileRef = CBA0E87019012EED007119C0 /* Functions.m */; };
		CBA0E87F19012EED007119C0 /* NSString+Extention.m in Sources */ = {isa = PBXBuildFile; fileRef = CBA0E87319012EED007119C0 /* NSString+Extention.m */; };
		CBA0E88019012EED007119C0 /* QQImageView.m in Sources */ = {isa = PBXBuildFile; fileRef = CBA0E87619012EED007119C0 /* QQImageView.m */; };
		CBA0E88119012EED007119C0 /* BaseXibViewController.m in Sources */ = {isa = PBXBuildFile; fileRef = CBA0E87919012EED007119C0 /* BaseXibViewController.m */; };
		CBA0E88219012EED007119C0 /* UIView+Utils.m in Sources */ = {isa = PBXBuildFile; fileRef = CBA0E87B19012EED007119C0 /* UIView+Utils.m */; };
		CBA0E88319012EED007119C0 /* UIView+XibView.m in Sources */ = {isa = PBXBuildFile; fileRef = CBA0E87D19012EED007119C0 /* UIView+XibView.m */; };
		CBA0E88F190133D4007119C0 /* CoreAnimationEffect.m in Sources */ = {isa = PBXBuildFile; fileRef = CBA0E887190133D4007119C0 /* CoreAnimationEffect.m */; };
		CBA0E890190133D4007119C0 /* FTAnimationManager.m in Sources */ = {isa = PBXBuildFile; fileRef = CBA0E889190133D4007119C0 /* FTAnimationManager.m */; };
		CBA0E891190133D4007119C0 /* FTUtils+NSObject.m in Sources */ = {isa = PBXBuildFile; fileRef = CBA0E88B190133D4007119C0 /* FTUtils+NSObject.m */; };
		CBA0E892190133D4007119C0 /* UIView+CCAnimation.m in Sources */ = {isa = PBXBuildFile; fileRef = CBA0E88E190133D4007119C0 /* UIView+CCAnimation.m */; };
		CBA0E89619013908007119C0 /* LoginViewController.m in Sources */ = {isa = PBXBuildFile; fileRef = CBA0E89419013907007119C0 /* LoginViewController.m */; };
		CBA0E89719013908007119C0 /* LoginViewController_iPhone5.xib in Resources */ = {isa = PBXBuildFile; fileRef = CBA0E89519013907007119C0 /* LoginViewController_iPhone5.xib */; };
		CBA0E89A19013A0C007119C0 /* WPBaseView.m in Sources */ = {isa = PBXBuildFile; fileRef = CBA0E89919013A0C007119C0 /* WPBaseView.m */; };
		CBA0E89D19013A7A007119C0 /* WPSigninView.m in Sources */ = {isa = PBXBuildFile; fileRef = CBA0E89C19013A7A007119C0 /* WPSigninView.m */; };
		CBA0E89F19013A8E007119C0 /* WPSigninView.xib in Resources */ = {isa = PBXBuildFile; fileRef = CBA0E89E19013A8E007119C0 /* WPSigninView.xib */; };
		CBA0E8A219013AAD007119C0 /* WPSignupView.m in Sources */ = {isa = PBXBuildFile; fileRef = CBA0E8A119013AAD007119C0 /* WPSignupView.m */; };
		CBA0E8A419013ABB007119C0 /* WPSignupView.xib in Resources */ = {isa = PBXBuildFile; fileRef = CBA0E8A319013ABB007119C0 /* WPSignupView.xib */; };
		CBCBF1FA190F48BF003439DB /* MarketInTableViewCell.m in Sources */ = {isa = PBXBuildFile; fileRef = CBCBF1F8190F48BF003439DB /* MarketInTableViewCell.m */; };
		CBCBF1FB190F48BF003439DB /* MarketInTableViewCell.xib in Resources */ = {isa = PBXBuildFile; fileRef = CBCBF1F9190F48BF003439DB /* MarketInTableViewCell.xib */; };
		CBDD251418FF8CCA009043FE /* Foundation.framework in Frameworks */ = {isa = PBXBuildFile; fileRef = CBDD251318FF8CCA009043FE /* Foundation.framework */; };
		CBDD251618FF8CCA009043FE /* CoreGraphics.framework in Frameworks */ = {isa = PBXBuildFile; fileRef = CBDD251518FF8CCA009043FE /* CoreGraphics.framework */; };
		CBDD251818FF8CCA009043FE /* UIKit.framework in Frameworks */ = {isa = PBXBuildFile; fileRef = CBDD251718FF8CCA009043FE /* UIKit.framework */; };
		CBDD251E18FF8CCA009043FE /* InfoPlist.strings in Resources */ = {isa = PBXBuildFile; fileRef = CBDD251C18FF8CCA009043FE /* InfoPlist.strings */; };
		CBDD252018FF8CCA009043FE /* main.m in Sources */ = {isa = PBXBuildFile; fileRef = CBDD251F18FF8CCA009043FE /* main.m */; };
		CBDD252418FF8CCA009043FE /* AppDelegate.m in Sources */ = {isa = PBXBuildFile; fileRef = CBDD252318FF8CCA009043FE /* AppDelegate.m */; };
		CBDD252618FF8CCA009043FE /* Images.xcassets in Resources */ = {isa = PBXBuildFile; fileRef = CBDD252518FF8CCA009043FE /* Images.xcassets */; };
		CBDD252D18FF8CCA009043FE /* XCTest.framework in Frameworks */ = {isa = PBXBuildFile; fileRef = CBDD252C18FF8CCA009043FE /* XCTest.framework */; };
		CBDD252E18FF8CCA009043FE /* Foundation.framework in Frameworks */ = {isa = PBXBuildFile; fileRef = CBDD251318FF8CCA009043FE /* Foundation.framework */; };
		CBDD252F18FF8CCA009043FE /* UIKit.framework in Frameworks */ = {isa = PBXBuildFile; fileRef = CBDD251718FF8CCA009043FE /* UIKit.framework */; };
		CBDD253718FF8CCA009043FE /* InfoPlist.strings in Resources */ = {isa = PBXBuildFile; fileRef = CBDD253518FF8CCA009043FE /* InfoPlist.strings */; };
		CBDD253918FF8CCA009043FE /* WinProjectTests.m in Sources */ = {isa = PBXBuildFile; fileRef = CBDD253818FF8CCA009043FE /* WinProjectTests.m */; };
/* End PBXBuildFile section */

/* Begin PBXContainerItemProxy section */
		CBDD253018FF8CCA009043FE /* PBXContainerItemProxy */ = {
			isa = PBXContainerItemProxy;
			containerPortal = CBDD250818FF8CC9009043FE /* Project object */;
			proxyType = 1;
			remoteGlobalIDString = CBDD250F18FF8CCA009043FE;
			remoteInfo = WinProject;
		};
/* End PBXContainerItemProxy section */

/* Begin PBXFileReference section */
		622F65B179774E9BA8C6923B /* libPods.a */ = {isa = PBXFileReference; explicitFileType = archive.ar; includeInIndex = 0; path = libPods.a; sourceTree = BUILT_PRODUCTS_DIR; };
		8143D71A6E014E09B8DAF4CC /* Pods.xcconfig */ = {isa = PBXFileReference; includeInIndex = 1; lastKnownFileType = text.xcconfig; name = Pods.xcconfig; path = Pods/Pods.xcconfig; sourceTree = "<group>"; };
		CB2DAF3B1910E16600DD29C1 /* BillView.h */ = {isa = PBXFileReference; fileEncoding = 4; lastKnownFileType = sourcecode.c.h; path = BillView.h; sourceTree = "<group>"; };
		CB2DAF3C1910E16600DD29C1 /* BillView.m */ = {isa = PBXFileReference; fileEncoding = 4; lastKnownFileType = sourcecode.c.objc; path = BillView.m; sourceTree = "<group>"; };
		CB2DAF3E1910E18700DD29C1 /* BillView.xib */ = {isa = PBXFileReference; fileEncoding = 4; lastKnownFileType = file.xib; path = BillView.xib; sourceTree = "<group>"; };
		CB2FAD051902C37B00F46A0A /* WPBuffetViewController.h */ = {isa = PBXFileReference; fileEncoding = 4; lastKnownFileType = sourcecode.c.h; path = WPBuffetViewController.h; sourceTree = "<group>"; };
		CB2FAD061902C37B00F46A0A /* WPBuffetViewController.m */ = {isa = PBXFileReference; fileEncoding = 4; lastKnownFileType = sourcecode.c.objc; path = WPBuffetViewController.m; sourceTree = "<group>"; };
		CB2FAD071902C37B00F46A0A /* WPBuffetViewController_iPhone5.xib */ = {isa = PBXFileReference; fileEncoding = 4; lastKnownFileType = file.xib; path = WPBuffetViewController_iPhone5.xib; sourceTree = "<group>"; };
		CB2FAD0A1902C3A800F46A0A /* WPSettingViewController.h */ = {isa = PBXFileReference; fileEncoding = 4; lastKnownFileType = sourcecode.c.h; path = WPSettingViewController.h; sourceTree = "<group>"; };
		CB2FAD0B1902C3A800F46A0A /* WPSettingViewController.m */ = {isa = PBXFileReference; fileEncoding = 4; lastKnownFileType = sourcecode.c.objc; path = WPSettingViewController.m; sourceTree = "<group>"; };
		CB2FAD0C1902C3A800F46A0A /* WPSettingViewController_iPhone5.xib */ = {isa = PBXFileReference; fileEncoding = 4; lastKnownFileType = file.xib; path = WPSettingViewController_iPhone5.xib; sourceTree = "<group>"; };
		CB2FAD0F1902C3C000F46A0A /* WPMarketViewController.h */ = {isa = PBXFileReference; fileEncoding = 4; lastKnownFileType = sourcecode.c.h; path = WPMarketViewController.h; sourceTree = "<group>"; };
		CB2FAD101902C3C000F46A0A /* WPMarketViewController.m */ = {isa = PBXFileReference; fileEncoding = 4; lastKnownFileType = sourcecode.c.objc; path = WPMarketViewController.m; sourceTree = "<group>"; };
		CB2FAD111902C3C000F46A0A /* WPMarketViewController_iPhone5.xib */ = {isa = PBXFileReference; fileEncoding = 4; lastKnownFileType = file.xib; path = WPMarketViewController_iPhone5.xib; sourceTree = "<group>"; };
		CB2FAD141902C3DA00F46A0A /* WPWalletViewController.h */ = {isa = PBXFileReference; fileEncoding = 4; lastKnownFileType = sourcecode.c.h; path = WPWalletViewController.h; sourceTree = "<group>"; };
		CB2FAD151902C3DA00F46A0A /* WPWalletViewController.m */ = {isa = PBXFileReference; fileEncoding = 4; lastKnownFileType = sourcecode.c.objc; path = WPWalletViewController.m; sourceTree = "<group>"; };
		CB2FAD161902C3DA00F46A0A /* WPWalletViewController_iPhone5.xib */ = {isa = PBXFileReference; fileEncoding = 4; lastKnownFileType = file.xib; path = WPWalletViewController_iPhone5.xib; sourceTree = "<group>"; };
		CB4211D21907A5DC001AC70B /* BufferProductView.h */ = {isa = PBXFileReference; fileEncoding = 4; lastKnownFileType = sourcecode.c.h; path = BufferProductView.h; sourceTree = "<group>"; };
		CB4211D31907A5DC001AC70B /* BufferProductView.m */ = {isa = PBXFileReference; fileEncoding = 4; lastKnownFileType = sourcecode.c.objc; path = BufferProductView.m; sourceTree = "<group>"; };
		CB4211D51907A5EC001AC70B /* BufferProductView.xib */ = {isa = PBXFileReference; fileEncoding = 4; lastKnownFileType = file.xib; path = BufferProductView.xib; sourceTree = "<group>"; };
		CB4211D71907ADBC001AC70B /* BufferCategoryView.h */ = {isa = PBXFileReference; fileEncoding = 4; lastKnownFileType = sourcecode.c.h; path = BufferCategoryView.h; sourceTree = "<group>"; };
		CB4211D81907ADBC001AC70B /* BufferCategoryView.m */ = {isa = PBXFileReference; fileEncoding = 4; lastKnownFileType = sourcecode.c.objc; path = BufferCategoryView.m; sourceTree = "<group>"; };
		CB4211DA1907ADD7001AC70B /* BufferCategoryView.xib */ = {isa = PBXFileReference; fileEncoding = 4; lastKnownFileType = file.xib; path = BufferCategoryView.xib; sourceTree = "<group>"; };
		CB4542AD1915ED2A00BFE852 /* WPStockViewController.h */ = {isa = PBXFileReference; fileEncoding = 4; lastKnownFileType = sourcecode.c.h; path = WPStockViewController.h; sourceTree = "<group>"; };
		CB4542AE1915ED2A00BFE852 /* WPStockViewController.m */ = {isa = PBXFileReference; fileEncoding = 4; lastKnownFileType = sourcecode.c.objc; path = WPStockViewController.m; sourceTree = "<group>"; };
		CB4542AF1915ED2A00BFE852 /* WPStockViewController_iPhone5.xib */ = {isa = PBXFileReference; fileEncoding = 4; lastKnownFileType = file.xib; path = WPStockViewController_iPhone5.xib; sourceTree = "<group>"; };
		CB4542B21915F78B00BFE852 /* WPProductButton.h */ = {isa = PBXFileReference; fileEncoding = 4; lastKnownFileType = sourcecode.c.h; path = WPProductButton.h; sourceTree = "<group>"; };
		CB4542B31915F78C00BFE852 /* WPProductButton.m */ = {isa = PBXFileReference; fileEncoding = 4; lastKnownFileType = sourcecode.c.objc; path = WPProductButton.m; sourceTree = "<group>"; };
		CB4542B51915F79B00BFE852 /* WPProductButton.xib */ = {isa = PBXFileReference; fileEncoding = 4; lastKnownFileType = file.xib; path = WPProductButton.xib; sourceTree = "<group>"; };
		CB4542B71916006700BFE852 /* BufferCProcudtView.h */ = {isa = PBXFileReference; fileEncoding = 4; lastKnownFileType = sourcecode.c.h; path = BufferCProcudtView.h; sourceTree = "<group>"; };
		CB4542B81916006700BFE852 /* BufferCProcudtView.m */ = {isa = PBXFileReference; fileEncoding = 4; lastKnownFileType = sourcecode.c.objc; path = BufferCProcudtView.m; sourceTree = "<group>"; };
		CB4542BA1916007700BFE852 /* BufferCProcudtView.xib */ = {isa = PBXFileReference; fileEncoding = 4; lastKnownFileType = file.xib; path = BufferCProcudtView.xib; sourceTree = "<group>"; };
		CB4542BC191603A100BFE852 /* WPCProductButton.h */ = {isa = PBXFileReference; fileEncoding = 4; lastKnownFileType = sourcecode.c.h; path = WPCProductButton.h; sourceTree = "<group>"; };
		CB4542BD191603A100BFE852 /* WPCProductButton.m */ = {isa = PBXFileReference; fileEncoding = 4; lastKnownFileType = sourcecode.c.objc; path = WPCProductButton.m; sourceTree = "<group>"; };
		CB4542BF191603B200BFE852 /* WPCProductButton.xib */ = {isa = PBXFileReference; fileEncoding = 4; lastKnownFileType = file.xib; path = WPCProductButton.xib; sourceTree = "<group>"; };
		CB4542C91918DCC800BFE852 /* WPBuffetViewController_iPhone.xib */ = {isa = PBXFileReference; fileEncoding = 4; lastKnownFileType = file.xib; path = WPBuffetViewController_iPhone.xib; sourceTree = "<group>"; };
		CB4542CB1918DD0500BFE852 /* WPStockViewController_iPhone.xib */ = {isa = PBXFileReference; fileEncoding = 4; lastKnownFileType = file.xib; path = WPStockViewController_iPhone.xib; sourceTree = "<group>"; };
		CB4542CD1918DFCD00BFE852 /* WPSettingViewController_iPhone.xib */ = {isa = PBXFileReference; fileEncoding = 4; lastKnownFileType = file.xib; path = WPSettingViewController_iPhone.xib; sourceTree = "<group>"; };
		CB4542CF1918E04B00BFE852 /* WPMarketViewController_iPhone.xib */ = {isa = PBXFileReference; fileEncoding = 4; lastKnownFileType = file.xib; path = WPMarketViewController_iPhone.xib; sourceTree = "<group>"; };
		CB4542D11918E09A00BFE852 /* WPWalletViewController_iPhone.xib */ = {isa = PBXFileReference; fileEncoding = 4; lastKnownFileType = file.xib; path = WPWalletViewController_iPhone.xib; sourceTree = "<group>"; };
		CB4E1394190FE6970048709B /* WawaSC-Regular.otf */ = {isa = PBXFileReference; lastKnownFileType = file; path = "WawaSC-Regular.otf"; sourceTree = "<group>"; };
		CB4E1397190FF0130048709B /* RakeView.h */ = {isa = PBXFileReference; fileEncoding = 4; lastKnownFileType = sourcecode.c.h; path = RakeView.h; sourceTree = "<group>"; };
		CB4E1398190FF0130048709B /* RakeView.m */ = {isa = PBXFileReference; fileEncoding = 4; lastKnownFileType = sourcecode.c.objc; path = RakeView.m; sourceTree = "<group>"; };
		CB4E139A190FF0220048709B /* RakeView.xib */ = {isa = PBXFileReference; fileEncoding = 4; lastKnownFileType = file.xib; path = RakeView.xib; sourceTree = "<group>"; };
		CB60BF64190525FC003190C7 /* CHDNetwork.h */ = {isa = PBXFileReference; fileEncoding = 4; lastKnownFileType = sourcecode.c.h; path = CHDNetwork.h; sourceTree = "<group>"; };
		CB60BF65190525FC003190C7 /* CHDNetwork.m */ = {isa = PBXFileReference; fileEncoding = 4; lastKnownFileType = sourcecode.c.objc; path = CHDNetwork.m; sourceTree = "<group>"; };
		CB6B7980191A419200610CD6 /* WPShareManager.h */ = {isa = PBXFileReference; fileEncoding = 4; lastKnownFileType = sourcecode.c.h; path = WPShareManager.h; sourceTree = "<group>"; };
		CB6B7981191A419200610CD6 /* WPShareManager.m */ = {isa = PBXFileReference; fileEncoding = 4; lastKnownFileType = sourcecode.c.objc; path = WPShareManager.m; sourceTree = "<group>"; };
		CB6B7983191B7F7800610CD6 /* WPPullView.h */ = {isa = PBXFileReference; fileEncoding = 4; lastKnownFileType = sourcecode.c.h; path = WPPullView.h; sourceTree = "<group>"; };
		CB6B7984191B7F7800610CD6 /* WPPullView.m */ = {isa = PBXFileReference; fileEncoding = 4; lastKnownFileType = sourcecode.c.objc; path = WPPullView.m; sourceTree = "<group>"; };
		CB6B7986191B7F8A00610CD6 /* WPPullView.xib */ = {isa = PBXFileReference; fileEncoding = 4; lastKnownFileType = file.xib; path = WPPullView.xib; sourceTree = "<group>"; };
		CB6B7988191B902600610CD6 /* WPAuthView.h */ = {isa = PBXFileReference; fileEncoding = 4; lastKnownFileType = sourcecode.c.h; path = WPAuthView.h; sourceTree = "<group>"; };
		CB6B7989191B902600610CD6 /* WPAuthView.m */ = {isa = PBXFileReference; fileEncoding = 4; lastKnownFileType = sourcecode.c.objc; path = WPAuthView.m; sourceTree = "<group>"; };
		CB6B798B191B903900610CD6 /* WPAuthView.xib */ = {isa = PBXFileReference; fileEncoding = 4; lastKnownFileType = file.xib; path = WPAuthView.xib; sourceTree = "<group>"; };
		CB6B798D191C96D000610CD6 /* LoginViewController_iPhone.xib */ = {isa = PBXFileReference; fileEncoding = 4; lastKnownFileType = file.xib; path = LoginViewController_iPhone.xib; sourceTree = "<group>"; };
		CB6B798F191C990F00610CD6 /* WPNickName.h */ = {isa = PBXFileReference; fileEncoding = 4; lastKnownFileType = sourcecode.c.h; path = WPNickName.h; sourceTree = "<group>"; };
		CB6B7990191C990F00610CD6 /* WPNickName.m */ = {isa = PBXFileReference; fileEncoding = 4; lastKnownFileType = sourcecode.c.objc; path = WPNickName.m; sourceTree = "<group>"; };
		CB6B7992191C991D00610CD6 /* WPNickName.xib */ = {isa = PBXFileReference; fileEncoding = 4; lastKnownFileType = file.xib; path = WPNickName.xib; sourceTree = "<group>"; };
		CB6B7994191C994B00610CD6 /* WPPasswordView.h */ = {isa = PBXFileReference; fileEncoding = 4; lastKnownFileType = sourcecode.c.h; path = WPPasswordView.h; sourceTree = "<group>"; };
		CB6B7995191C994B00610CD6 /* WPPasswordView.m */ = {isa = PBXFileReference; fileEncoding = 4; lastKnownFileType = sourcecode.c.objc; path = WPPasswordView.m; sourceTree = "<group>"; };
		CB6B7997191C995900610CD6 /* WPPasswordView.xib */ = {isa = PBXFileReference; fileEncoding = 4; lastKnownFileType = file.xib; path = WPPasswordView.xib; sourceTree = "<group>"; };
		CB7EDB62190D445600089DE8 /* WPSwitchBar.h */ = {isa = PBXFileReference; fileEncoding = 4; lastKnownFileType = sourcecode.c.h; path = WPSwitchBar.h; sourceTree = "<group>"; };
		CB7EDB63190D445600089DE8 /* WPSwitchBar.m */ = {isa = PBXFileReference; fileEncoding = 4; lastKnownFileType = sourcecode.c.objc; path = WPSwitchBar.m; sourceTree = "<group>"; };
		CB7EDB65190D449D00089DE8 /* WPSwitchBar.xib */ = {isa = PBXFileReference; fileEncoding = 4; lastKnownFileType = file.xib; path = WPSwitchBar.xib; sourceTree = "<group>"; };
		CB924BF419094578000389CB /* MessageUI.framework */ = {isa = PBXFileReference; lastKnownFileType = wrapper.framework; name = MessageUI.framework; path = System/Library/Frameworks/MessageUI.framework; sourceTree = SDKROOT; };
		CB924BF619094F04000389CB /* CheckItemView.h */ = {isa = PBXFileReference; fileEncoding = 4; lastKnownFileType = sourcecode.c.h; path = CheckItemView.h; sourceTree = "<group>"; };
		CB924BF719094F04000389CB /* CheckItemView.m */ = {isa = PBXFileReference; fileEncoding = 4; lastKnownFileType = sourcecode.c.objc; path = CheckItemView.m; sourceTree = "<group>"; };
		CB924BF919094F14000389CB /* CheckItemView.xib */ = {isa = PBXFileReference; fileEncoding = 4; lastKnownFileType = file.xib; path = CheckItemView.xib; sourceTree = "<group>"; };
		CBA0E86F19012EED007119C0 /* Functions.h */ = {isa = PBXFileReference; fileEncoding = 4; lastKnownFileType = sourcecode.c.h; path = Functions.h; sourceTree = "<group>"; };
		CBA0E87019012EED007119C0 /* Functions.m */ = {isa = PBXFileReference; fileEncoding = 4; lastKnownFileType = sourcecode.c.objc; path = Functions.m; sourceTree = "<group>"; };
		CBA0E87219012EED007119C0 /* NSString+Extention.h */ = {isa = PBXFileReference; fileEncoding = 4; lastKnownFileType = sourcecode.c.h; path = "NSString+Extention.h"; sourceTree = "<group>"; };
		CBA0E87319012EED007119C0 /* NSString+Extention.m */ = {isa = PBXFileReference; fileEncoding = 4; lastKnownFileType = sourcecode.c.objc; path = "NSString+Extention.m"; sourceTree = "<group>"; };
		CBA0E87519012EED007119C0 /* QQImageView.h */ = {isa = PBXFileReference; fileEncoding = 4; lastKnownFileType = sourcecode.c.h; path = QQImageView.h; sourceTree = "<group>"; };
		CBA0E87619012EED007119C0 /* QQImageView.m */ = {isa = PBXFileReference; fileEncoding = 4; lastKnownFileType = sourcecode.c.objc; path = QQImageView.m; sourceTree = "<group>"; };
		CBA0E87819012EED007119C0 /* BaseXibViewController.h */ = {isa = PBXFileReference; fileEncoding = 4; lastKnownFileType = sourcecode.c.h; path = BaseXibViewController.h; sourceTree = "<group>"; };
		CBA0E87919012EED007119C0 /* BaseXibViewController.m */ = {isa = PBXFileReference; fileEncoding = 4; lastKnownFileType = sourcecode.c.objc; path = BaseXibViewController.m; sourceTree = "<group>"; };
		CBA0E87A19012EED007119C0 /* UIView+Utils.h */ = {isa = PBXFileReference; fileEncoding = 4; lastKnownFileType = sourcecode.c.h; path = "UIView+Utils.h"; sourceTree = "<group>"; };
		CBA0E87B19012EED007119C0 /* UIView+Utils.m */ = {isa = PBXFileReference; fileEncoding = 4; lastKnownFileType = sourcecode.c.objc; path = "UIView+Utils.m"; sourceTree = "<group>"; };
		CBA0E87C19012EED007119C0 /* UIView+XibView.h */ = {isa = PBXFileReference; fileEncoding = 4; lastKnownFileType = sourcecode.c.h; path = "UIView+XibView.h"; sourceTree = "<group>"; };
		CBA0E87D19012EED007119C0 /* UIView+XibView.m */ = {isa = PBXFileReference; fileEncoding = 4; lastKnownFileType = sourcecode.c.objc; path = "UIView+XibView.m"; sourceTree = "<group>"; };
		CBA0E88419012F53007119C0 /* Configuration.h */ = {isa = PBXFileReference; lastKnownFileType = sourcecode.c.h; path = Configuration.h; sourceTree = "<group>"; };
		CBA0E886190133D4007119C0 /* CoreAnimationEffect.h */ = {isa = PBXFileReference; fileEncoding = 4; lastKnownFileType = sourcecode.c.h; path = CoreAnimationEffect.h; sourceTree = "<group>"; };
		CBA0E887190133D4007119C0 /* CoreAnimationEffect.m */ = {isa = PBXFileReference; fileEncoding = 4; lastKnownFileType = sourcecode.c.objc; path = CoreAnimationEffect.m; sourceTree = "<group>"; };
		CBA0E888190133D4007119C0 /* FTAnimationManager.h */ = {isa = PBXFileReference; fileEncoding = 4; lastKnownFileType = sourcecode.c.h; path = FTAnimationManager.h; sourceTree = "<group>"; };
		CBA0E889190133D4007119C0 /* FTAnimationManager.m */ = {isa = PBXFileReference; fileEncoding = 4; lastKnownFileType = sourcecode.c.objc; path = FTAnimationManager.m; sourceTree = "<group>"; };
		CBA0E88A190133D4007119C0 /* FTUtils+NSObject.h */ = {isa = PBXFileReference; fileEncoding = 4; lastKnownFileType = sourcecode.c.h; path = "FTUtils+NSObject.h"; sourceTree = "<group>"; };
		CBA0E88B190133D4007119C0 /* FTUtils+NSObject.m */ = {isa = PBXFileReference; fileEncoding = 4; lastKnownFileType = sourcecode.c.objc; path = "FTUtils+NSObject.m"; sourceTree = "<group>"; };
		CBA0E88C190133D4007119C0 /* FTUtils.h */ = {isa = PBXFileReference; fileEncoding = 4; lastKnownFileType = sourcecode.c.h; path = FTUtils.h; sourceTree = "<group>"; };
		CBA0E88D190133D4007119C0 /* UIView+CCAnimation.h */ = {isa = PBXFileReference; fileEncoding = 4; lastKnownFileType = sourcecode.c.h; path = "UIView+CCAnimation.h"; sourceTree = "<group>"; };
		CBA0E88E190133D4007119C0 /* UIView+CCAnimation.m */ = {isa = PBXFileReference; fileEncoding = 4; lastKnownFileType = sourcecode.c.objc; path = "UIView+CCAnimation.m"; sourceTree = "<group>"; };
		CBA0E89319013907007119C0 /* LoginViewController.h */ = {isa = PBXFileReference; fileEncoding = 4; lastKnownFileType = sourcecode.c.h; path = LoginViewController.h; sourceTree = "<group>"; };
		CBA0E89419013907007119C0 /* LoginViewController.m */ = {isa = PBXFileReference; fileEncoding = 4; lastKnownFileType = sourcecode.c.objc; path = LoginViewController.m; sourceTree = "<group>"; };
		CBA0E89519013907007119C0 /* LoginViewController_iPhone5.xib */ = {isa = PBXFileReference; fileEncoding = 4; lastKnownFileType = file.xib; path = LoginViewController_iPhone5.xib; sourceTree = "<group>"; };
		CBA0E89819013A0C007119C0 /* WPBaseView.h */ = {isa = PBXFileReference; fileEncoding = 4; lastKnownFileType = sourcecode.c.h; path = WPBaseView.h; sourceTree = "<group>"; };
		CBA0E89919013A0C007119C0 /* WPBaseView.m */ = {isa = PBXFileReference; fileEncoding = 4; lastKnownFileType = sourcecode.c.objc; path = WPBaseView.m; sourceTree = "<group>"; };
		CBA0E89B19013A7A007119C0 /* WPSigninView.h */ = {isa = PBXFileReference; fileEncoding = 4; lastKnownFileType = sourcecode.c.h; path = WPSigninView.h; sourceTree = "<group>"; };
		CBA0E89C19013A7A007119C0 /* WPSigninView.m */ = {isa = PBXFileReference; fileEncoding = 4; lastKnownFileType = sourcecode.c.objc; path = WPSigninView.m; sourceTree = "<group>"; };
		CBA0E89E19013A8E007119C0 /* WPSigninView.xib */ = {isa = PBXFileReference; fileEncoding = 4; lastKnownFileType = file.xib; path = WPSigninView.xib; sourceTree = "<group>"; };
		CBA0E8A019013AAD007119C0 /* WPSignupView.h */ = {isa = PBXFileReference; fileEncoding = 4; lastKnownFileType = sourcecode.c.h; path = WPSignupView.h; sourceTree = "<group>"; };
		CBA0E8A119013AAD007119C0 /* WPSignupView.m */ = {isa = PBXFileReference; fileEncoding = 4; lastKnownFileType = sourcecode.c.objc; path = WPSignupView.m; sourceTree = "<group>"; };
		CBA0E8A319013ABB007119C0 /* WPSignupView.xib */ = {isa = PBXFileReference; fileEncoding = 4; lastKnownFileType = file.xib; path = WPSignupView.xib; sourceTree = "<group>"; };
		CBCBF1F7190F48BF003439DB /* MarketInTableViewCell.h */ = {isa = PBXFileReference; fileEncoding = 4; lastKnownFileType = sourcecode.c.h; path = MarketInTableViewCell.h; sourceTree = "<group>"; };
		CBCBF1F8190F48BF003439DB /* MarketInTableViewCell.m */ = {isa = PBXFileReference; fileEncoding = 4; lastKnownFileType = sourcecode.c.objc; path = MarketInTableViewCell.m; sourceTree = "<group>"; };
		CBCBF1F9190F48BF003439DB /* MarketInTableViewCell.xib */ = {isa = PBXFileReference; fileEncoding = 4; lastKnownFileType = file.xib; path = MarketInTableViewCell.xib; sourceTree = "<group>"; };
		CBDD251018FF8CCA009043FE /* WinProject.app */ = {isa = PBXFileReference; explicitFileType = wrapper.application; includeInIndex = 0; path = WinProject.app; sourceTree = BUILT_PRODUCTS_DIR; };
		CBDD251318FF8CCA009043FE /* Foundation.framework */ = {isa = PBXFileReference; lastKnownFileType = wrapper.framework; name = Foundation.framework; path = System/Library/Frameworks/Foundation.framework; sourceTree = SDKROOT; };
		CBDD251518FF8CCA009043FE /* CoreGraphics.framework */ = {isa = PBXFileReference; lastKnownFileType = wrapper.framework; name = CoreGraphics.framework; path = System/Library/Frameworks/CoreGraphics.framework; sourceTree = SDKROOT; };
		CBDD251718FF8CCA009043FE /* UIKit.framework */ = {isa = PBXFileReference; lastKnownFileType = wrapper.framework; name = UIKit.framework; path = System/Library/Frameworks/UIKit.framework; sourceTree = SDKROOT; };
		CBDD251B18FF8CCA009043FE /* WinProject-Info.plist */ = {isa = PBXFileReference; lastKnownFileType = text.plist.xml; path = "WinProject-Info.plist"; sourceTree = "<group>"; };
		CBDD251D18FF8CCA009043FE /* en */ = {isa = PBXFileReference; lastKnownFileType = text.plist.strings; name = en; path = en.lproj/InfoPlist.strings; sourceTree = "<group>"; };
		CBDD251F18FF8CCA009043FE /* main.m */ = {isa = PBXFileReference; lastKnownFileType = sourcecode.c.objc; path = main.m; sourceTree = "<group>"; };
		CBDD252118FF8CCA009043FE /* WinProject-Prefix.pch */ = {isa = PBXFileReference; lastKnownFileType = sourcecode.c.h; path = "WinProject-Prefix.pch"; sourceTree = "<group>"; };
		CBDD252218FF8CCA009043FE /* AppDelegate.h */ = {isa = PBXFileReference; lastKnownFileType = sourcecode.c.h; path = AppDelegate.h; sourceTree = "<group>"; };
		CBDD252318FF8CCA009043FE /* AppDelegate.m */ = {isa = PBXFileReference; lastKnownFileType = sourcecode.c.objc; path = AppDelegate.m; sourceTree = "<group>"; };
		CBDD252518FF8CCA009043FE /* Images.xcassets */ = {isa = PBXFileReference; lastKnownFileType = folder.assetcatalog; path = Images.xcassets; sourceTree = "<group>"; };
		CBDD252B18FF8CCA009043FE /* WinProjectTests.xctest */ = {isa = PBXFileReference; explicitFileType = wrapper.cfbundle; includeInIndex = 0; path = WinProjectTests.xctest; sourceTree = BUILT_PRODUCTS_DIR; };
		CBDD252C18FF8CCA009043FE /* XCTest.framework */ = {isa = PBXFileReference; lastKnownFileType = wrapper.framework; name = XCTest.framework; path = Library/Frameworks/XCTest.framework; sourceTree = DEVELOPER_DIR; };
		CBDD253418FF8CCA009043FE /* WinProjectTests-Info.plist */ = {isa = PBXFileReference; lastKnownFileType = text.plist.xml; path = "WinProjectTests-Info.plist"; sourceTree = "<group>"; };
		CBDD253618FF8CCA009043FE /* en */ = {isa = PBXFileReference; lastKnownFileType = text.plist.strings; name = en; path = en.lproj/InfoPlist.strings; sourceTree = "<group>"; };
		CBDD253818FF8CCA009043FE /* WinProjectTests.m */ = {isa = PBXFileReference; lastKnownFileType = sourcecode.c.objc; path = WinProjectTests.m; sourceTree = "<group>"; };
/* End PBXFileReference section */

/* Begin PBXFrameworksBuildPhase section */
		CBDD250D18FF8CCA009043FE /* Frameworks */ = {
			isa = PBXFrameworksBuildPhase;
			buildActionMask = 2147483647;
			files = (
				CB924BF519094578000389CB /* MessageUI.framework in Frameworks */,
				CBDD251618FF8CCA009043FE /* CoreGraphics.framework in Frameworks */,
				CBDD251818FF8CCA009043FE /* UIKit.framework in Frameworks */,
				CBDD251418FF8CCA009043FE /* Foundation.framework in Frameworks */,
				44BBC5FDA0E54FBA986976C9 /* libPods.a in Frameworks */,
			);
			runOnlyForDeploymentPostprocessing = 0;
		};
		CBDD252818FF8CCA009043FE /* Frameworks */ = {
			isa = PBXFrameworksBuildPhase;
			buildActionMask = 2147483647;
			files = (
				CBDD252D18FF8CCA009043FE /* XCTest.framework in Frameworks */,
				CBDD252F18FF8CCA009043FE /* UIKit.framework in Frameworks */,
				CBDD252E18FF8CCA009043FE /* Foundation.framework in Frameworks */,
			);
			runOnlyForDeploymentPostprocessing = 0;
		};
/* End PBXFrameworksBuildPhase section */

/* Begin PBXGroup section */
		CB60BF63190525EB003190C7 /* NetWork */ = {
			isa = PBXGroup;
			children = (
				CB60BF64190525FC003190C7 /* CHDNetwork.h */,
				CB60BF65190525FC003190C7 /* CHDNetwork.m */,
				CB6B7980191A419200610CD6 /* WPShareManager.h */,
				CB6B7981191A419200610CD6 /* WPShareManager.m */,
			);
			path = NetWork;
			sourceTree = "<group>";
		};
		CBA0E86619012DDD007119C0 /* UI */ = {
			isa = PBXGroup;
			children = (
				CBA0E86719012E06007119C0 /* ViewControllers */,
				CBA0E86819012E06007119C0 /* Views */,
			);
			path = UI;
			sourceTree = "<group>";
		};
		CBA0E86719012E06007119C0 /* ViewControllers */ = {
			isa = PBXGroup;
			children = (
				CBA0E8A519013B77007119C0 /* Buffet */,
				CBA0E8A619013B77007119C0 /* Setting */,
				CBA0E8A719013B77007119C0 /* Supermarket */,
				CBA0E8A819013B77007119C0 /* Wallet */,
				CBA0E86919012E72007119C0 /* UserAbout */,
			);
			path = ViewControllers;
			sourceTree = "<group>";
		};
		CBA0E86819012E06007119C0 /* Views */ = {
			isa = PBXGroup;
			children = (
				CBA0E89819013A0C007119C0 /* WPBaseView.h */,
				CBA0E89919013A0C007119C0 /* WPBaseView.m */,
				CB4211D21907A5DC001AC70B /* BufferProductView.h */,
				CB4211D31907A5DC001AC70B /* BufferProductView.m */,
				CB4211D51907A5EC001AC70B /* BufferProductView.xib */,
				CB4542B71916006700BFE852 /* BufferCProcudtView.h */,
				CB4542B81916006700BFE852 /* BufferCProcudtView.m */,
				CB4542BA1916007700BFE852 /* BufferCProcudtView.xib */,
				CB4211D71907ADBC001AC70B /* BufferCategoryView.h */,
				CB4211D81907ADBC001AC70B /* BufferCategoryView.m */,
				CB4211DA1907ADD7001AC70B /* BufferCategoryView.xib */,
				CB924BF619094F04000389CB /* CheckItemView.h */,
				CB924BF719094F04000389CB /* CheckItemView.m */,
				CB924BF919094F14000389CB /* CheckItemView.xib */,
				CB7EDB62190D445600089DE8 /* WPSwitchBar.h */,
				CB7EDB63190D445600089DE8 /* WPSwitchBar.m */,
				CB7EDB65190D449D00089DE8 /* WPSwitchBar.xib */,
				CB4E1397190FF0130048709B /* RakeView.h */,
				CB4E1398190FF0130048709B /* RakeView.m */,
				CB4E139A190FF0220048709B /* RakeView.xib */,
				CB2DAF3B1910E16600DD29C1 /* BillView.h */,
				CB2DAF3C1910E16600DD29C1 /* BillView.m */,
				CB2DAF3E1910E18700DD29C1 /* BillView.xib */,
				CB4542BC191603A100BFE852 /* WPCProductButton.h */,
				CB4542BD191603A100BFE852 /* WPCProductButton.m */,
				CB4542BF191603B200BFE852 /* WPCProductButton.xib */,
				CB4542B21915F78B00BFE852 /* WPProductButton.h */,
				CB4542B31915F78C00BFE852 /* WPProductButton.m */,
				CB4542B51915F79B00BFE852 /* WPProductButton.xib */,
				CB6B7983191B7F7800610CD6 /* WPPullView.h */,
				CB6B7984191B7F7800610CD6 /* WPPullView.m */,
				CB6B7986191B7F8A00610CD6 /* WPPullView.xib */,
			);
			path = Views;
			sourceTree = "<group>";
		};
		CBA0E86919012E72007119C0 /* UserAbout */ = {
			isa = PBXGroup;
			children = (
				CBA0E86A19012E91007119C0 /* ViewController */,
				CBA0E86B19012E91007119C0 /* Views */,
			);
			path = UserAbout;
			sourceTree = "<group>";
		};
		CBA0E86A19012E91007119C0 /* ViewController */ = {
			isa = PBXGroup;
			children = (
				CBA0E89319013907007119C0 /* LoginViewController.h */,
				CBA0E89419013907007119C0 /* LoginViewController.m */,
				CB6B798D191C96D000610CD6 /* LoginViewController_iPhone.xib */,
				CBA0E89519013907007119C0 /* LoginViewController_iPhone5.xib */,
			);
			path = ViewController;
			sourceTree = "<group>";
		};
		CBA0E86B19012E91007119C0 /* Views */ = {
			isa = PBXGroup;
			children = (
				CBA0E89B19013A7A007119C0 /* WPSigninView.h */,
				CBA0E89C19013A7A007119C0 /* WPSigninView.m */,
				CBA0E89E19013A8E007119C0 /* WPSigninView.xib */,
				CBA0E8A019013AAD007119C0 /* WPSignupView.h */,
				CBA0E8A119013AAD007119C0 /* WPSignupView.m */,
				CBA0E8A319013ABB007119C0 /* WPSignupView.xib */,
				CB6B7988191B902600610CD6 /* WPAuthView.h */,
				CB6B7989191B902600610CD6 /* WPAuthView.m */,
				CB6B798B191B903900610CD6 /* WPAuthView.xib */,
				CB6B7994191C994B00610CD6 /* WPPasswordView.h */,
				CB6B7995191C994B00610CD6 /* WPPasswordView.m */,
				CB6B7997191C995900610CD6 /* WPPasswordView.xib */,
				CB6B798F191C990F00610CD6 /* WPNickName.h */,
				CB6B7990191C990F00610CD6 /* WPNickName.m */,
				CB6B7992191C991D00610CD6 /* WPNickName.xib */,
			);
			path = Views;
			sourceTree = "<group>";
		};
		CBA0E86C19012EBC007119C0 /* Library */ = {
			isa = PBXGroup;
			children = (
				CBA0E885190133D4007119C0 /* Animation */,
				CBA0E86D19012EED007119C0 /* Category */,
			);
			path = Library;
			sourceTree = "<group>";
		};
		CBA0E86D19012EED007119C0 /* Category */ = {
			isa = PBXGroup;
			children = (
				CBA0E86E19012EED007119C0 /* NSObject */,
				CBA0E87119012EED007119C0 /* NSSting */,
				CBA0E87419012EED007119C0 /* UIImageView */,
				CBA0E87719012EED007119C0 /* UIview */,
			);
			path = Category;
			sourceTree = "<group>";
		};
		CBA0E86E19012EED007119C0 /* NSObject */ = {
			isa = PBXGroup;
			children = (
				CBA0E86F19012EED007119C0 /* Functions.h */,
				CBA0E87019012EED007119C0 /* Functions.m */,
			);
			path = NSObject;
			sourceTree = "<group>";
		};
		CBA0E87119012EED007119C0 /* NSSting */ = {
			isa = PBXGroup;
			children = (
				CBA0E87219012EED007119C0 /* NSString+Extention.h */,
				CBA0E87319012EED007119C0 /* NSString+Extention.m */,
			);
			path = NSSting;
			sourceTree = "<group>";
		};
		CBA0E87419012EED007119C0 /* UIImageView */ = {
			isa = PBXGroup;
			children = (
				CBA0E87519012EED007119C0 /* QQImageView.h */,
				CBA0E87619012EED007119C0 /* QQImageView.m */,
			);
			path = UIImageView;
			sourceTree = "<group>";
		};
		CBA0E87719012EED007119C0 /* UIview */ = {
			isa = PBXGroup;
			children = (
				CBA0E87819012EED007119C0 /* BaseXibViewController.h */,
				CBA0E87919012EED007119C0 /* BaseXibViewController.m */,
				CBA0E87A19012EED007119C0 /* UIView+Utils.h */,
				CBA0E87B19012EED007119C0 /* UIView+Utils.m */,
				CBA0E87C19012EED007119C0 /* UIView+XibView.h */,
				CBA0E87D19012EED007119C0 /* UIView+XibView.m */,
			);
			path = UIview;
			sourceTree = "<group>";
		};
		CBA0E885190133D4007119C0 /* Animation */ = {
			isa = PBXGroup;
			children = (
				CBA0E886190133D4007119C0 /* CoreAnimationEffect.h */,
				CBA0E887190133D4007119C0 /* CoreAnimationEffect.m */,
				CBA0E888190133D4007119C0 /* FTAnimationManager.h */,
				CBA0E889190133D4007119C0 /* FTAnimationManager.m */,
				CBA0E88A190133D4007119C0 /* FTUtils+NSObject.h */,
				CBA0E88B190133D4007119C0 /* FTUtils+NSObject.m */,
				CBA0E88C190133D4007119C0 /* FTUtils.h */,
				CBA0E88D190133D4007119C0 /* UIView+CCAnimation.h */,
				CBA0E88E190133D4007119C0 /* UIView+CCAnimation.m */,
			);
			path = Animation;
			sourceTree = "<group>";
		};
		CBA0E8A519013B77007119C0 /* Buffet */ = {
			isa = PBXGroup;
			children = (
				CB2FAD051902C37B00F46A0A /* WPBuffetViewController.h */,
				CB2FAD061902C37B00F46A0A /* WPBuffetViewController.m */,
				CB4542C91918DCC800BFE852 /* WPBuffetViewController_iPhone.xib */,
				CB2FAD071902C37B00F46A0A /* WPBuffetViewController_iPhone5.xib */,
				CB4542AD1915ED2A00BFE852 /* WPStockViewController.h */,
				CB4542AE1915ED2A00BFE852 /* WPStockViewController.m */,
				CB4542CB1918DD0500BFE852 /* WPStockViewController_iPhone.xib */,
				CB4542AF1915ED2A00BFE852 /* WPStockViewController_iPhone5.xib */,
			);
			path = Buffet;
			sourceTree = "<group>";
		};
		CBA0E8A619013B77007119C0 /* Setting */ = {
			isa = PBXGroup;
			children = (
				CB2FAD0A1902C3A800F46A0A /* WPSettingViewController.h */,
				CB2FAD0B1902C3A800F46A0A /* WPSettingViewController.m */,
				CB4542CD1918DFCD00BFE852 /* WPSettingViewController_iPhone.xib */,
				CB2FAD0C1902C3A800F46A0A /* WPSettingViewController_iPhone5.xib */,
			);
			path = Setting;
			sourceTree = "<group>";
		};
		CBA0E8A719013B77007119C0 /* Supermarket */ = {
			isa = PBXGroup;
			children = (
				CBCBF1F6190F488F003439DB /* Views */,
				CB2FAD0F1902C3C000F46A0A /* WPMarketViewController.h */,
				CB2FAD101902C3C000F46A0A /* WPMarketViewController.m */,
				CB4542CF1918E04B00BFE852 /* WPMarketViewController_iPhone.xib */,
				CB2FAD111902C3C000F46A0A /* WPMarketViewController_iPhone5.xib */,
			);
			path = Supermarket;
			sourceTree = "<group>";
		};
		CBA0E8A819013B77007119C0 /* Wallet */ = {
			isa = PBXGroup;
			children = (
				CB2FAD141902C3DA00F46A0A /* WPWalletViewController.h */,
				CB2FAD151902C3DA00F46A0A /* WPWalletViewController.m */,
				CB4542D11918E09A00BFE852 /* WPWalletViewController_iPhone.xib */,
				CB2FAD161902C3DA00F46A0A /* WPWalletViewController_iPhone5.xib */,
			);
			path = Wallet;
			sourceTree = "<group>";
		};
		CBCBF1F6190F488F003439DB /* Views */ = {
			isa = PBXGroup;
			children = (
				CBCBF1F7190F48BF003439DB /* MarketInTableViewCell.h */,
				CBCBF1F8190F48BF003439DB /* MarketInTableViewCell.m */,
				CBCBF1F9190F48BF003439DB /* MarketInTableViewCell.xib */,
			);
			path = Views;
			sourceTree = "<group>";
		};
		CBDD250718FF8CC9009043FE = {
			isa = PBXGroup;
			children = (
				CBDD251918FF8CCA009043FE /* WinProject */,
				CBDD253218FF8CCA009043FE /* WinProjectTests */,
				CBDD251218FF8CCA009043FE /* Frameworks */,
				CBDD251118FF8CCA009043FE /* Products */,
				8143D71A6E014E09B8DAF4CC /* Pods.xcconfig */,
			);
			sourceTree = "<group>";
		};
		CBDD251118FF8CCA009043FE /* Products */ = {
			isa = PBXGroup;
			children = (
				CBDD251018FF8CCA009043FE /* WinProject.app */,
				CBDD252B18FF8CCA009043FE /* WinProjectTests.xctest */,
			);
			name = Products;
			sourceTree = "<group>";
		};
		CBDD251218FF8CCA009043FE /* Frameworks */ = {
			isa = PBXGroup;
			children = (
				CB924BF419094578000389CB /* MessageUI.framework */,
				CBDD251318FF8CCA009043FE /* Foundation.framework */,
				CBDD251518FF8CCA009043FE /* CoreGraphics.framework */,
				CBDD251718FF8CCA009043FE /* UIKit.framework */,
				CBDD252C18FF8CCA009043FE /* XCTest.framework */,
				622F65B179774E9BA8C6923B /* libPods.a */,
			);
			name = Frameworks;
			sourceTree = "<group>";
		};
		CBDD251918FF8CCA009043FE /* WinProject */ = {
			isa = PBXGroup;
			children = (
				CB60BF63190525EB003190C7 /* NetWork */,
				CBA0E86C19012EBC007119C0 /* Library */,
				CBA0E86619012DDD007119C0 /* UI */,
				CBDD252218FF8CCA009043FE /* AppDelegate.h */,
				CBDD252318FF8CCA009043FE /* AppDelegate.m */,
				CBDD252518FF8CCA009043FE /* Images.xcassets */,
				CBDD251A18FF8CCA009043FE /* Supporting Files */,
			);
			path = WinProject;
			sourceTree = "<group>";
		};
		CBDD251A18FF8CCA009043FE /* Supporting Files */ = {
			isa = PBXGroup;
			children = (
				CB4E1394190FE6970048709B /* WawaSC-Regular.otf */,
				CBA0E88419012F53007119C0 /* Configuration.h */,
				CBDD251B18FF8CCA009043FE /* WinProject-Info.plist */,
				CBDD251C18FF8CCA009043FE /* InfoPlist.strings */,
				CBDD251F18FF8CCA009043FE /* main.m */,
				CBDD252118FF8CCA009043FE /* WinProject-Prefix.pch */,
			);
			name = "Supporting Files";
			sourceTree = "<group>";
		};
		CBDD253218FF8CCA009043FE /* WinProjectTests */ = {
			isa = PBXGroup;
			children = (
				CBDD253818FF8CCA009043FE /* WinProjectTests.m */,
				CBDD253318FF8CCA009043FE /* Supporting Files */,
			);
			path = WinProjectTests;
			sourceTree = "<group>";
		};
		CBDD253318FF8CCA009043FE /* Supporting Files */ = {
			isa = PBXGroup;
			children = (
				CBDD253418FF8CCA009043FE /* WinProjectTests-Info.plist */,
				CBDD253518FF8CCA009043FE /* InfoPlist.strings */,
			);
			name = "Supporting Files";
			sourceTree = "<group>";
		};
/* End PBXGroup section */

/* Begin PBXNativeTarget section */
		CBDD250F18FF8CCA009043FE /* WinProject */ = {
			isa = PBXNativeTarget;
			buildConfigurationList = CBDD253C18FF8CCA009043FE /* Build configuration list for PBXNativeTarget "WinProject" */;
			buildPhases = (
				5035E0F52CE24F09BCF0583C /* Check Pods Manifest.lock */,
				CBDD250C18FF8CCA009043FE /* Sources */,
				CBDD250D18FF8CCA009043FE /* Frameworks */,
				CBDD250E18FF8CCA009043FE /* Resources */,
				F80AC1B08389408A883F9E46 /* Copy Pods Resources */,
			);
			buildRules = (
			);
			dependencies = (
			);
			name = WinProject;
			productName = WinProject;
			productReference = CBDD251018FF8CCA009043FE /* WinProject.app */;
			productType = "com.apple.product-type.application";
		};
		CBDD252A18FF8CCA009043FE /* WinProjectTests */ = {
			isa = PBXNativeTarget;
			buildConfigurationList = CBDD253F18FF8CCA009043FE /* Build configuration list for PBXNativeTarget "WinProjectTests" */;
			buildPhases = (
				CBDD252718FF8CCA009043FE /* Sources */,
				CBDD252818FF8CCA009043FE /* Frameworks */,
				CBDD252918FF8CCA009043FE /* Resources */,
			);
			buildRules = (
			);
			dependencies = (
				CBDD253118FF8CCA009043FE /* PBXTargetDependency */,
			);
			name = WinProjectTests;
			productName = WinProjectTests;
			productReference = CBDD252B18FF8CCA009043FE /* WinProjectTests.xctest */;
			productType = "com.apple.product-type.bundle.unit-test";
		};
/* End PBXNativeTarget section */

/* Begin PBXProject section */
		CBDD250818FF8CC9009043FE /* Project object */ = {
			isa = PBXProject;
			attributes = {
				LastUpgradeCheck = 0510;
				ORGANIZATIONNAME = Dean;
				TargetAttributes = {
					CBDD250F18FF8CCA009043FE = {
						DevelopmentTeam = S8P7G487ZW;
					};
					CBDD252A18FF8CCA009043FE = {
						TestTargetID = CBDD250F18FF8CCA009043FE;
					};
				};
			};
			buildConfigurationList = CBDD250B18FF8CC9009043FE /* Build configuration list for PBXProject "WinProject" */;
			compatibilityVersion = "Xcode 3.2";
			developmentRegion = English;
			hasScannedForEncodings = 0;
			knownRegions = (
				en,
			);
			mainGroup = CBDD250718FF8CC9009043FE;
			productRefGroup = CBDD251118FF8CCA009043FE /* Products */;
			projectDirPath = "";
			projectRoot = "";
			targets = (
				CBDD250F18FF8CCA009043FE /* WinProject */,
				CBDD252A18FF8CCA009043FE /* WinProjectTests */,
			);
		};
/* End PBXProject section */

/* Begin PBXResourcesBuildPhase section */
		CBDD250E18FF8CCA009043FE /* Resources */ = {
			isa = PBXResourcesBuildPhase;
			buildActionMask = 2147483647;
			files = (
				CB4542B11915ED2A00BFE852 /* WPStockViewController_iPhone5.xib in Resources */,
				CBA0E8A419013ABB007119C0 /* WPSignupView.xib in Resources */,
				CB6B7987191B7F8A00610CD6 /* WPPullView.xib in Resources */,
				CBDD251E18FF8CCA009043FE /* InfoPlist.strings in Resources */,
				CB4542C0191603B200BFE852 /* WPCProductButton.xib in Resources */,
				CB4211D61907A5EC001AC70B /* BufferProductView.xib in Resources */,
				CB4542D01918E04B00BFE852 /* WPMarketViewController_iPhone.xib in Resources */,
				CBDD252618FF8CCA009043FE /* Images.xcassets in Resources */,
				CBA0E89719013908007119C0 /* LoginViewController_iPhone5.xib in Resources */,
				CB2FAD181902C3DA00F46A0A /* WPWalletViewController_iPhone5.xib in Resources */,
				CB6B7993191C991D00610CD6 /* WPNickName.xib in Resources */,
				CB7EDB66190D449D00089DE8 /* WPSwitchBar.xib in Resources */,
				CB4542BB1916007700BFE852 /* BufferCProcudtView.xib in Resources */,
				CB4542D21918E09A00BFE852 /* WPWalletViewController_iPhone.xib in Resources */,
				CB4211DB1907ADD7001AC70B /* BufferCategoryView.xib in Resources */,
				CBCBF1FB190F48BF003439DB /* MarketInTableViewCell.xib in Resources */,
				CBA0E89F19013A8E007119C0 /* WPSigninView.xib in Resources */,
				CB2FAD131902C3C000F46A0A /* WPMarketViewController_iPhone5.xib in Resources */,
				CB4E139B190FF0220048709B /* RakeView.xib in Resources */,
				CB2FAD0E1902C3A800F46A0A /* WPSettingViewController_iPhone5.xib in Resources */,
				CB924BFA19094F14000389CB /* CheckItemView.xib in Resources */,
				CB6B7998191C995900610CD6 /* WPPasswordView.xib in Resources */,
				CB4E1395190FE6970048709B /* WawaSC-Regular.otf in Resources */,
				CB4542CA1918DCC800BFE852 /* WPBuffetViewController_iPhone.xib in Resources */,
				CB6B798E191C96D000610CD6 /* LoginViewController_iPhone.xib in Resources */,
				CB4542CC1918DD0500BFE852 /* WPStockViewController_iPhone.xib in Resources */,
				CB6B798C191B903900610CD6 /* WPAuthView.xib in Resources */,
				CB2FAD091902C37B00F46A0A /* WPBuffetViewController_iPhone5.xib in Resources */,
				CB4542CE1918DFCD00BFE852 /* WPSettingViewController_iPhone.xib in Resources */,
				CB2DAF3F1910E18700DD29C1 /* BillView.xib in Resources */,
				CB4542B61915F79B00BFE852 /* WPProductButton.xib in Resources */,
			);
			runOnlyForDeploymentPostprocessing = 0;
		};
		CBDD252918FF8CCA009043FE /* Resources */ = {
			isa = PBXResourcesBuildPhase;
			buildActionMask = 2147483647;
			files = (
				CBDD253718FF8CCA009043FE /* InfoPlist.strings in Resources */,
			);
			runOnlyForDeploymentPostprocessing = 0;
		};
/* End PBXResourcesBuildPhase section */

/* Begin PBXShellScriptBuildPhase section */
		5035E0F52CE24F09BCF0583C /* Check Pods Manifest.lock */ = {
			isa = PBXShellScriptBuildPhase;
			buildActionMask = 2147483647;
			files = (
			);
			inputPaths = (
			);
			name = "Check Pods Manifest.lock";
			outputPaths = (
			);
			runOnlyForDeploymentPostprocessing = 0;
			shellPath = /bin/sh;
			shellScript = "diff \"${PODS_ROOT}/../Podfile.lock\" \"${PODS_ROOT}/Manifest.lock\" > /dev/null\nif [[ $? != 0 ]] ; then\n    cat << EOM\nerror: The sandbox is not in sync with the Podfile.lock. Run 'pod install' or update your CocoaPods installation.\nEOM\n    exit 1\nfi\n";
			showEnvVarsInLog = 0;
		};
		F80AC1B08389408A883F9E46 /* Copy Pods Resources */ = {
			isa = PBXShellScriptBuildPhase;
			buildActionMask = 2147483647;
			files = (
			);
			inputPaths = (
			);
			name = "Copy Pods Resources";
			outputPaths = (
			);
			runOnlyForDeploymentPostprocessing = 0;
			shellPath = /bin/sh;
			shellScript = "\"${SRCROOT}/Pods/Pods-resources.sh\"\n";
			showEnvVarsInLog = 0;
		};
/* End PBXShellScriptBuildPhase section */

/* Begin PBXSourcesBuildPhase section */
		CBDD250C18FF8CCA009043FE /* Sources */ = {
			isa = PBXSourcesBuildPhase;
			buildActionMask = 2147483647;
			files = (
				CB4211D41907A5DC001AC70B /* BufferProductView.m in Sources */,
				CB4542B91916006700BFE852 /* BufferCProcudtView.m in Sources */,
				CBA0E89A19013A0C007119C0 /* WPBaseView.m in Sources */,
				CBA0E8A219013AAD007119C0 /* WPSignupView.m in Sources */,
				CB6B7985191B7F7800610CD6 /* WPPullView.m in Sources */,
				CB4211D91907ADBC001AC70B /* BufferCategoryView.m in Sources */,
				CB60BF66190525FC003190C7 /* CHDNetwork.m in Sources */,
				CBA0E87F19012EED007119C0 /* NSString+Extention.m in Sources */,
				CBA0E88219012EED007119C0 /* UIView+Utils.m in Sources */,
				CBA0E89619013908007119C0 /* LoginViewController.m in Sources */,
				CBA0E89D19013A7A007119C0 /* WPSigninView.m in Sources */,
				CB2FAD121902C3C000F46A0A /* WPMarketViewController.m in Sources */,
				CB4542B41915F78C00BFE852 /* WPProductButton.m in Sources */,
				CB924BF819094F04000389CB /* CheckItemView.m in Sources */,
				CBA0E890190133D4007119C0 /* FTAnimationManager.m in Sources */,
				CBA0E88F190133D4007119C0 /* CoreAnimationEffect.m in Sources */,
				CB6B7991191C990F00610CD6 /* WPNickName.m in Sources */,
				CB4542B01915ED2A00BFE852 /* WPStockViewController.m in Sources */,
				CB6B7982191A419200610CD6 /* WPShareManager.m in Sources */,
				CBA0E88119012EED007119C0 /* BaseXibViewController.m in Sources */,
				CBA0E87E19012EED007119C0 /* Functions.m in Sources */,
				CB2DAF3D1910E16600DD29C1 /* BillView.m in Sources */,
				CBA0E88019012EED007119C0 /* QQImageView.m in Sources */,
				CB4542BE191603A100BFE852 /* WPCProductButton.m in Sources */,
				CBA0E88319012EED007119C0 /* UIView+XibView.m in Sources */,
				CB6B798A191B902600610CD6 /* WPAuthView.m in Sources */,
				CB6B7996191C994B00610CD6 /* WPPasswordView.m in Sources */,
				CB2FAD081902C37B00F46A0A /* WPBuffetViewController.m in Sources */,
				CBA0E891190133D4007119C0 /* FTUtils+NSObject.m in Sources */,
				CB7EDB64190D445600089DE8 /* WPSwitchBar.m in Sources */,
				CB4E1399190FF0130048709B /* RakeView.m in Sources */,
				CBA0E892190133D4007119C0 /* UIView+CCAnimation.m in Sources */,
				CBDD252418FF8CCA009043FE /* AppDelegate.m in Sources */,
				CBCBF1FA190F48BF003439DB /* MarketInTableViewCell.m in Sources */,
				CB2FAD0D1902C3A800F46A0A /* WPSettingViewController.m in Sources */,
				CB2FAD171902C3DA00F46A0A /* WPWalletViewController.m in Sources */,
				CBDD252018FF8CCA009043FE /* main.m in Sources */,
			);
			runOnlyForDeploymentPostprocessing = 0;
		};
		CBDD252718FF8CCA009043FE /* Sources */ = {
			isa = PBXSourcesBuildPhase;
			buildActionMask = 2147483647;
			files = (
				CBDD253918FF8CCA009043FE /* WinProjectTests.m in Sources */,
			);
			runOnlyForDeploymentPostprocessing = 0;
		};
/* End PBXSourcesBuildPhase section */

/* Begin PBXTargetDependency section */
		CBDD253118FF8CCA009043FE /* PBXTargetDependency */ = {
			isa = PBXTargetDependency;
			target = CBDD250F18FF8CCA009043FE /* WinProject */;
			targetProxy = CBDD253018FF8CCA009043FE /* PBXContainerItemProxy */;
		};
/* End PBXTargetDependency section */

/* Begin PBXVariantGroup section */
		CBDD251C18FF8CCA009043FE /* InfoPlist.strings */ = {
			isa = PBXVariantGroup;
			children = (
				CBDD251D18FF8CCA009043FE /* en */,
			);
			name = InfoPlist.strings;
			sourceTree = "<group>";
		};
		CBDD253518FF8CCA009043FE /* InfoPlist.strings */ = {
			isa = PBXVariantGroup;
			children = (
				CBDD253618FF8CCA009043FE /* en */,
			);
			name = InfoPlist.strings;
			sourceTree = "<group>";
		};
/* End PBXVariantGroup section */

/* Begin XCBuildConfiguration section */
		CBDD253A18FF8CCA009043FE /* Debug */ = {
			isa = XCBuildConfiguration;
			baseConfigurationReference = 8143D71A6E014E09B8DAF4CC /* Pods.xcconfig */;
			buildSettings = {
				ALWAYS_SEARCH_USER_PATHS = NO;
				CLANG_CXX_LANGUAGE_STANDARD = "gnu++0x";
				CLANG_CXX_LIBRARY = "libc++";
				CLANG_ENABLE_MODULES = YES;
				CLANG_ENABLE_OBJC_ARC = YES;
				CLANG_WARN_BOOL_CONVERSION = YES;
				CLANG_WARN_CONSTANT_CONVERSION = YES;
				CLANG_WARN_DIRECT_OBJC_ISA_USAGE = YES_ERROR;
				CLANG_WARN_EMPTY_BODY = YES;
				CLANG_WARN_ENUM_CONVERSION = YES;
				CLANG_WARN_INT_CONVERSION = YES;
				CLANG_WARN_OBJC_ROOT_CLASS = YES_ERROR;
				CLANG_WARN__DUPLICATE_METHOD_MATCH = YES;
				"CODE_SIGN_IDENTITY[sdk=iphoneos*]" = "iPhone Developer";
				COPY_PHASE_STRIP = NO;
				GCC_C_LANGUAGE_STANDARD = gnu99;
				GCC_DYNAMIC_NO_PIC = NO;
				GCC_OPTIMIZATION_LEVEL = 0;
				GCC_PREPROCESSOR_DEFINITIONS = (
					"DEBUG=1",
					"$(inherited)",
				);
				GCC_SYMBOLS_PRIVATE_EXTERN = NO;
				GCC_WARN_64_TO_32_BIT_CONVERSION = YES;
				GCC_WARN_ABOUT_RETURN_TYPE = YES_ERROR;
				GCC_WARN_UNDECLARED_SELECTOR = YES;
				GCC_WARN_UNINITIALIZED_AUTOS = YES_AGGRESSIVE;
				GCC_WARN_UNUSED_FUNCTION = YES;
				GCC_WARN_UNUSED_VARIABLE = YES;
				IPHONEOS_DEPLOYMENT_TARGET = 6.0;
				ONLY_ACTIVE_ARCH = YES;
				SDKROOT = iphoneos;
			};
			name = Debug;
		};
		CBDD253B18FF8CCA009043FE /* Release */ = {
			isa = XCBuildConfiguration;
			baseConfigurationReference = 8143D71A6E014E09B8DAF4CC /* Pods.xcconfig */;
			buildSettings = {
				ALWAYS_SEARCH_USER_PATHS = NO;
				CLANG_CXX_LANGUAGE_STANDARD = "gnu++0x";
				CLANG_CXX_LIBRARY = "libc++";
				CLANG_ENABLE_MODULES = YES;
				CLANG_ENABLE_OBJC_ARC = YES;
				CLANG_WARN_BOOL_CONVERSION = YES;
				CLANG_WARN_CONSTANT_CONVERSION = YES;
				CLANG_WARN_DIRECT_OBJC_ISA_USAGE = YES_ERROR;
				CLANG_WARN_EMPTY_BODY = YES;
				CLANG_WARN_ENUM_CONVERSION = YES;
				CLANG_WARN_INT_CONVERSION = YES;
				CLANG_WARN_OBJC_ROOT_CLASS = YES_ERROR;
				CLANG_WARN__DUPLICATE_METHOD_MATCH = YES;
				"CODE_SIGN_IDENTITY[sdk=iphoneos*]" = "iPhone Developer";
				COPY_PHASE_STRIP = YES;
				ENABLE_NS_ASSERTIONS = NO;
				GCC_C_LANGUAGE_STANDARD = gnu99;
				GCC_WARN_64_TO_32_BIT_CONVERSION = YES;
				GCC_WARN_ABOUT_RETURN_TYPE = YES_ERROR;
				GCC_WARN_UNDECLARED_SELECTOR = YES;
				GCC_WARN_UNINITIALIZED_AUTOS = YES_AGGRESSIVE;
				GCC_WARN_UNUSED_FUNCTION = YES;
				GCC_WARN_UNUSED_VARIABLE = YES;
				IPHONEOS_DEPLOYMENT_TARGET = 6.0;
				SDKROOT = iphoneos;
				VALIDATE_PRODUCT = YES;
			};
			name = Release;
		};
		CBDD253D18FF8CCA009043FE /* Debug */ = {
			isa = XCBuildConfiguration;
			baseConfigurationReference = 8143D71A6E014E09B8DAF4CC /* Pods.xcconfig */;
			buildSettings = {
				ASSETCATALOG_COMPILER_APPICON_NAME = AppIcon;
				ASSETCATALOG_COMPILER_LAUNCHIMAGE_NAME = LaunchImage;
				CODE_SIGN_IDENTITY = "iPhone Developer: Zhou Dean (7KC978Z4P2)";
				"CODE_SIGN_IDENTITY[sdk=iphoneos*]" = "iPhone Developer: Zhou Dean (7KC978Z4P2)";
				GCC_PRECOMPILE_PREFIX_HEADER = YES;
				GCC_PREFIX_HEADER = "WinProject/WinProject-Prefix.pch";
				INFOPLIST_FILE = "WinProject/WinProject-Info.plist";
				IPHONEOS_DEPLOYMENT_TARGET = 6.0;
				PRODUCT_NAME = "$(TARGET_NAME)";
				PROVISIONING_PROFILE = "C06EFA78-A64B-4EC0-8D64-96E282EC3FFA";
				WRAPPER_EXTENSION = app;
			};
			name = Debug;
		};
		CBDD253E18FF8CCA009043FE /* Release */ = {
			isa = XCBuildConfiguration;
			baseConfigurationReference = 8143D71A6E014E09B8DAF4CC /* Pods.xcconfig */;
			buildSettings = {
				ASSETCATALOG_COMPILER_APPICON_NAME = AppIcon;
				ASSETCATALOG_COMPILER_LAUNCHIMAGE_NAME = LaunchImage;
				CODE_SIGN_IDENTITY = "iPhone Developer: Zhou Dean (7KC978Z4P2)";
				"CODE_SIGN_IDENTITY[sdk=iphoneos*]" = "iPhone Developer: Zhou Dean (7KC978Z4P2)";
				GCC_PRECOMPILE_PREFIX_HEADER = YES;
				GCC_PREFIX_HEADER = "WinProject/WinProject-Prefix.pch";
				INFOPLIST_FILE = "WinProject/WinProject-Info.plist";
				IPHONEOS_DEPLOYMENT_TARGET = 6.0;
				PRODUCT_NAME = "$(TARGET_NAME)";
				PROVISIONING_PROFILE = "C06EFA78-A64B-4EC0-8D64-96E282EC3FFA";
				WRAPPER_EXTENSION = app;
			};
			name = Release;
		};
		CBDD254018FF8CCA009043FE /* Debug */ = {
			isa = XCBuildConfiguration;
			buildSettings = {
				BUNDLE_LOADER = "$(BUILT_PRODUCTS_DIR)/WinProject.app/WinProject";
				FRAMEWORK_SEARCH_PATHS = (
					"$(SDKROOT)/Developer/Library/Frameworks",
					"$(inherited)",
					"$(DEVELOPER_FRAMEWORKS_DIR)",
				);
				GCC_PRECOMPILE_PREFIX_HEADER = YES;
				GCC_PREFIX_HEADER = "WinProject/WinProject-Prefix.pch";
				GCC_PREPROCESSOR_DEFINITIONS = (
					"DEBUG=1",
					"$(inherited)",
				);
				INFOPLIST_FILE = "WinProjectTests/WinProjectTests-Info.plist";
				PRODUCT_NAME = "$(TARGET_NAME)";
				TEST_HOST = "$(BUNDLE_LOADER)";
				WRAPPER_EXTENSION = xctest;
			};
			name = Debug;
		};
		CBDD254118FF8CCA009043FE /* Release */ = {
			isa = XCBuildConfiguration;
			buildSettings = {
				BUNDLE_LOADER = "$(BUILT_PRODUCTS_DIR)/WinProject.app/WinProject";
				FRAMEWORK_SEARCH_PATHS = (
					"$(SDKROOT)/Developer/Library/Frameworks",
					"$(inherited)",
					"$(DEVELOPER_FRAMEWORKS_DIR)",
				);
				GCC_PRECOMPILE_PREFIX_HEADER = YES;
				GCC_PREFIX_HEADER = "WinProject/WinProject-Prefix.pch";
				INFOPLIST_FILE = "WinProjectTests/WinProjectTests-Info.plist";
				PRODUCT_NAME = "$(TARGET_NAME)";
				TEST_HOST = "$(BUNDLE_LOADER)";
				WRAPPER_EXTENSION = xctest;
			};
			name = Release;
		};
/* End XCBuildConfiguration section */

/* Begin XCConfigurationList section */
		CBDD250B18FF8CC9009043FE /* Build configuration list for PBXProject "WinProject" */ = {
			isa = XCConfigurationList;
			buildConfigurations = (
				CBDD253A18FF8CCA009043FE /* Debug */,
				CBDD253B18FF8CCA009043FE /* Release */,
			);
			defaultConfigurationIsVisible = 0;
			defaultConfigurationName = Release;
		};
		CBDD253C18FF8CCA009043FE /* Build configuration list for PBXNativeTarget "WinProject" */ = {
			isa = XCConfigurationList;
			buildConfigurations = (
				CBDD253D18FF8CCA009043FE /* Debug */,
				CBDD253E18FF8CCA009043FE /* Release */,
			);
			defaultConfigurationIsVisible = 0;
			defaultConfigurationName = Release;
		};
		CBDD253F18FF8CCA009043FE /* Build configuration list for PBXNativeTarget "WinProjectTests" */ = {
			isa = XCConfigurationList;
			buildConfigurations = (
				CBDD254018FF8CCA009043FE /* Debug */,
				CBDD254118FF8CCA009043FE /* Release */,
			);
			defaultConfigurationIsVisible = 0;
			defaultConfigurationName = Release;
		};
/* End XCConfigurationList section */
	};
	rootObject = CBDD250818FF8CC9009043FE /* Project object */;
}
